{
  "pins" : [
    {
      "identity" : "alamofire",
      "kind" : "remoteSourceControl",
      "location" : "https://github.com/Alamofire/Alamofire.git",
      "state" : {
        "revision" : "bc268c28fb170f494de9e9927c371b8342979ece",
        "version" : "5.7.1"
      }
    },
    {
      "identity" : "objectmapper",
      "kind" : "remoteSourceControl",
      "location" : "https://github.com/yjdv/ObjectMapper.git",
      "state" : {
        "branch" : "master",
        "revision" : "cf3d7ec0689c4bc7d5bbea7f71ee201721bae00e"
      }
    }
  ],
  "version" : 2
}
